
Microsoft Visual Studio Solution File, Format Version 12.00
# Visual Studio 15
VisualStudioVersion = 15.0.27428.2027
MinimumVisualStudioVersion = 10.0.40219.1
Project("{FAE04EC0-301F-11D3-BF4B-00C04F79EFBC}") = "LearningService.WebApplication", "LearningService.WebApplication\LearningService.WebApplication.csproj", "{0F2C0B19-35C0-4BA5-A1BC-DA261EEEDC55}"
EndProject
Project("{FAE04EC0-301F-11D3-BF4B-00C04F79EFBC}") = "LearningService.WebApplication.Tests", "LearningService.WebApplication.Tests\LearningService.WebApplication.Tests.csproj", "{75683AD8-EAB4-47B9-A67E-E97D3EEE5FFA}"
EndProject
Project("{FAE04EC0-301F-11D3-BF4B-00C04F79EFBC}") = "LearningService.Domain", "LearningService.Domain\LearningService.Domain.csproj", "{0EDA2E05-BA04-4B85-9C03-13D4532B72DB}"
EndProject
Project("{FAE04EC0-301F-11D3-BF4B-00C04F79EFBC}") = "LearningService.Helpers", "LearningService.Helpers\LearningService.Helpers.csproj", "{472A953B-2463-4C4A-952E-EFCFD58B45E9}"
EndProject
Project("{FAE04EC0-301F-11D3-BF4B-00C04F79EFBC}") = "LearningService.DAO", "LearningService.DAO\LearningService.DAO.csproj", "{F3B6C206-192E-4643-8CB5-B4CA44168477}"
EndProject
Global
	GlobalSection(SolutionConfigurationPlatforms) = preSolution
		Debug|Any CPU = Debug|Any CPU
		Release|Any CPU = Release|Any CPU
	EndGlobalSection
	GlobalSection(ProjectConfigurationPlatforms) = postSolution
		{0F2C0B19-35C0-4BA5-A1BC-DA261EEEDC55}.Debug|Any CPU.ActiveCfg = Debug|Any CPU
		{0F2C0B19-35C0-4BA5-A1BC-DA261EEEDC55}.Debug|Any CPU.Build.0 = Debug|Any CPU
		{0F2C0B19-35C0-4BA5-A1BC-DA261EEEDC55}.Release|Any CPU.ActiveCfg = Release|Any CPU
		{0F2C0B19-35C0-4BA5-A1BC-DA261EEEDC55}.Release|Any CPU.Build.0 = Release|Any CPU
		{75683AD8-EAB4-47B9-A67E-E97D3EEE5FFA}.Debug|Any CPU.ActiveCfg = Debug|Any CPU
		{75683AD8-EAB4-47B9-A67E-E97D3EEE5FFA}.Debug|Any CPU.Build.0 = Debug|Any CPU
		{75683AD8-EAB4-47B9-A67E-E97D3EEE5FFA}.Release|Any CPU.ActiveCfg = Release|Any CPU
		{75683AD8-EAB4-47B9-A67E-E97D3EEE5FFA}.Release|Any CPU.Build.0 = Release|Any CPU
		{0EDA2E05-BA04-4B85-9C03-13D4532B72DB}.Debug|Any CPU.ActiveCfg = Debug|Any CPU
		{0EDA2E05-BA04-4B85-9C03-13D4532B72DB}.Debug|Any CPU.Build.0 = Debug|Any CPU
		{0EDA2E05-BA04-4B85-9C03-13D4532B72DB}.Release|Any CPU.ActiveCfg = Release|Any CPU
		{0EDA2E05-BA04-4B85-9C03-13D4532B72DB}.Release|Any CPU.Build.0 = Release|Any CPU
		{472A953B-2463-4C4A-952E-EFCFD58B45E9}.Debug|Any CPU.ActiveCfg = Debug|Any CPU
		{472A953B-2463-4C4A-952E-EFCFD58B45E9}.Debug|Any CPU.Build.0 = Debug|Any CPU
		{472A953B-2463-4C4A-952E-EFCFD58B45E9}.Release|Any CPU.ActiveCfg = Release|Any CPU
		{472A953B-2463-4C4A-952E-EFCFD58B45E9}.Release|Any CPU.Build.0 = Release|Any CPU
		{F3B6C206-192E-4643-8CB5-B4CA44168477}.Debug|Any CPU.ActiveCfg = Debug|Any CPU
		{F3B6C206-192E-4643-8CB5-B4CA44168477}.Debug|Any CPU.Build.0 = Debug|Any CPU
		{F3B6C206-192E-4643-8CB5-B4CA44168477}.Release|Any CPU.ActiveCfg = Release|Any CPU
		{F3B6C206-192E-4643-8CB5-B4CA44168477}.Release|Any CPU.Build.0 = Release|Any CPU
	EndGlobalSection
	GlobalSection(SolutionProperties) = preSolution
		HideSolutionNode = FALSE
	EndGlobalSection
	GlobalSection(ExtensibilityGlobals) = postSolution
		SolutionGuid = {0724A834-581C-41C6-8D9A-3CB13F6EBC46}
	EndGlobalSection
EndGlobal
